
Microsoft Visual Studio Solution File, Format Version 12.00
# Visual Studio Version 17
VisualStudioVersion = 17.6.33829.357
MinimumVisualStudioVersion = 10.0.40219.1
Project("{FAE04EC0-301F-11D3-BF4B-00C04F79EFBC}") = "AplikacjaWydatki", "AplikacjaWydatki\AplikacjaWydatki.csproj", "{A693173C-1471-416D-875B-A5788D5EBEB3}"
EndProject
Global
	GlobalSection(SolutionConfigurationPlatforms) = preSolution
		Debug|Any CPU = Debug|Any CPU
		Release|Any CPU = Release|Any CPU
	EndGlobalSection
	GlobalSection(ProjectConfigurationPlatforms) = postSolution
		{A693173C-1471-416D-875B-A5788D5EBEB3}.Debug|Any CPU.ActiveCfg = Debug|Any CPU
		{A693173C-1471-416D-875B-A5788D5EBEB3}.Debug|Any CPU.Build.0 = Debug|Any CPU
		{A693173C-1471-416D-875B-A5788D5EBEB3}.Release|Any CPU.ActiveCfg = Release|Any CPU
		{A693173C-1471-416D-875B-A5788D5EBEB3}.Release|Any CPU.Build.0 = Release|Any CPU
	EndGlobalSection
	GlobalSection(SolutionProperties) = preSolution
		HideSolutionNode = FALSE
	EndGlobalSection
	GlobalSection(ExtensibilityGlobals) = postSolution
		SolutionGuid = {3A00D36D-581A-497A-9996-95B562F9CB32}
	EndGlobalSection
EndGlobal
